<?xml version="1.0" encoding="utf-8"?>
<Project ToolsVersion="4.0" xmlns="http://schemas.microsoft.com/developer/msbuild/2003">
  <ItemGroup>
    <Filter Include="Quellcodedateien">
      <UniqueIdentifier>{208f124d-eefc-4c83-9807-115597c7d154}</UniqueIdentifier>
      <Extensions>cpp;c;cxx;rc;def;r;odl;idl;hpj;bat</Extensions>
    </Filter>
    <Filter Include="Header-Dateien">
      <UniqueIdentifier>{f10a290e-7ef5-4dbd-aea9-39329c4040bd}</UniqueIdentifier>
      <Extensions>h;hpp;hxx;hm;inl</Extensions>
    </Filter>
    <Filter Include="Ressourcendateien">
      <UniqueIdentifier>{e77f1007-4f57-4c97-851c-12648f493a2b}</UniqueIdentifier>
      <Extensions>ico;cur;bmp;dlg;rc2;rct;bin;rgs;gif;jpg;jpeg;jpe</Extensions>
    </Filter>
  </ItemGroup>
  <ItemGroup>
    <ClCompile Include="animation.cpp">
      <Filter>Quellcodedateien</Filter>
    </ClCompile>
    <ClCompile Include="animation_action.cpp">
      <Filter>Quellcodedateien</Filter>
    </ClCompile>
    <ClCompile Include="animation_cycle.cpp">
      <Filter>Quellcodedateien</Filter>
    </ClCompile>
    <ClCompile Include="bone.cpp">
      <Filter>Quellcodedateien</Filter>
    </ClCompile>
    <ClCompile Include="buffersource.cpp">
      <Filter>Quellcodedateien</Filter>
    </ClCompile>
    <ClCompile Include="cal3d_wrapper.cpp">
      <Filter>Quellcodedateien</Filter>
    </ClCompile>
    <ClCompile Include="coreanimation.cpp">
      <Filter>Quellcodedateien</Filter>
    </ClCompile>
    <ClCompile Include="corebone.cpp">
      <Filter>Quellcodedateien</Filter>
    </ClCompile>
    <ClCompile Include="corekeyframe.cpp">
      <Filter>Quellcodedateien</Filter>
    </ClCompile>
    <ClCompile Include="corematerial.cpp">
      <Filter>Quellcodedateien</Filter>
    </ClCompile>
    <ClCompile Include="coremesh.cpp">
      <Filter>Quellcodedateien</Filter>
    </ClCompile>
    <ClCompile Include="coremodel.cpp">
      <Filter>Quellcodedateien</Filter>
    </ClCompile>
    <ClCompile Include="coremorphanimation.cpp">
      <Filter>Quellcodedateien</Filter>
    </ClCompile>
    <ClCompile Include="coreskeleton.cpp">
      <Filter>Quellcodedateien</Filter>
    </ClCompile>
    <ClCompile Include="coresubmesh.cpp">
      <Filter>Quellcodedateien</Filter>
    </ClCompile>
    <ClCompile Include="coresubmorphtarget.cpp">
      <Filter>Quellcodedateien</Filter>
    </ClCompile>
    <ClCompile Include="coretrack.cpp">
      <Filter>Quellcodedateien</Filter>
    </ClCompile>
    <ClCompile Include="error.cpp">
      <Filter>Quellcodedateien</Filter>
    </ClCompile>
    <ClCompile Include="global.cpp">
      <Filter>Quellcodedateien</Filter>
    </ClCompile>
    <ClCompile Include="hardwaremodel.cpp">
      <Filter>Quellcodedateien</Filter>
    </ClCompile>
    <ClCompile Include="loader.cpp">
      <Filter>Quellcodedateien</Filter>
    </ClCompile>
    <ClCompile Include="matrix.cpp">
      <Filter>Quellcodedateien</Filter>
    </ClCompile>
    <ClCompile Include="mesh.cpp">
      <Filter>Quellcodedateien</Filter>
    </ClCompile>
    <ClCompile Include="mixer.cpp">
      <Filter>Quellcodedateien</Filter>
    </ClCompile>
    <ClCompile Include="model.cpp">
      <Filter>Quellcodedateien</Filter>
    </ClCompile>
    <ClCompile Include="morphtargetmixer.cpp">
      <Filter>Quellcodedateien</Filter>
    </ClCompile>
    <ClCompile Include="physique.cpp">
      <Filter>Quellcodedateien</Filter>
    </ClCompile>
    <ClCompile Include="platform.cpp">
      <Filter>Quellcodedateien</Filter>
    </ClCompile>
    <ClCompile Include="quaternion.cpp">
      <Filter>Quellcodedateien</Filter>
    </ClCompile>
    <ClCompile Include="renderer.cpp">
      <Filter>Quellcodedateien</Filter>
    </ClCompile>
    <ClCompile Include="saver.cpp">
      <Filter>Quellcodedateien</Filter>
    </ClCompile>
    <ClCompile Include="skeleton.cpp">
      <Filter>Quellcodedateien</Filter>
    </ClCompile>
    <ClCompile Include="springsystem.cpp">
      <Filter>Quellcodedateien</Filter>
    </ClCompile>
    <ClCompile Include="streamsource.cpp">
      <Filter>Quellcodedateien</Filter>
    </ClCompile>
    <ClCompile Include="submesh.cpp">
      <Filter>Quellcodedateien</Filter>
    </ClCompile>
    <ClCompile Include="tinystr.cpp">
      <Filter>Quellcodedateien</Filter>
    </ClCompile>
    <ClCompile Include="tinyxml.cpp">
      <Filter>Quellcodedateien</Filter>
    </ClCompile>
    <ClCompile Include="tinyxmlerror.cpp">
      <Filter>Quellcodedateien</Filter>
    </ClCompile>
    <ClCompile Include="tinyxmlparser.cpp">
      <Filter>Quellcodedateien</Filter>
    </ClCompile>
    <ClCompile Include="vector.cpp">
      <Filter>Quellcodedateien</Filter>
    </ClCompile>
  </ItemGroup>
  <ItemGroup>
    <ResourceCompile Include="cal3d.rc">
      <Filter>Quellcodedateien</Filter>
    </ResourceCompile>
  </ItemGroup>
  <ItemGroup>
    <ClInclude Include="..\include\cal3d\animation.h">
      <Filter>Header-Dateien</Filter>
    </ClInclude>
    <ClInclude Include="..\include\cal3d\animation_action.h">
      <Filter>Header-Dateien</Filter>
    </ClInclude>
    <ClInclude Include="..\include\cal3d\animation_cycle.h">
      <Filter>Header-Dateien</Filter>
    </ClInclude>
    <ClInclude Include="..\include\cal3d\bone.h">
      <Filter>Header-Dateien</Filter>
    </ClInclude>
    <ClInclude Include="..\include\cal3d\buffersource.h">
      <Filter>Header-Dateien</Filter>
    </ClInclude>
    <ClInclude Include="..\include\cal3d\cal3d.h">
      <Filter>Header-Dateien</Filter>
    </ClInclude>
    <ClInclude Include="..\include\cal3d\cal3d_wrapper.h">
      <Filter>Header-Dateien</Filter>
    </ClInclude>
    <ClInclude Include="..\include\cal3d\coreanimation.h">
      <Filter>Header-Dateien</Filter>
    </ClInclude>
    <ClInclude Include="..\include\cal3d\corebone.h">
      <Filter>Header-Dateien</Filter>
    </ClInclude>
    <ClInclude Include="..\include\cal3d\corekeyframe.h">
      <Filter>Header-Dateien</Filter>
    </ClInclude>
    <ClInclude Include="..\include\cal3d\corematerial.h">
      <Filter>Header-Dateien</Filter>
    </ClInclude>
    <ClInclude Include="..\include\cal3d\coremesh.h">
      <Filter>Header-Dateien</Filter>
    </ClInclude>
    <ClInclude Include="..\include\cal3d\coremodel.h">
      <Filter>Header-Dateien</Filter>
    </ClInclude>
    <ClInclude Include="..\include\cal3d\coremorphanimation.h">
      <Filter>Header-Dateien</Filter>
    </ClInclude>
    <ClInclude Include="..\include\cal3d\coreskeleton.h">
      <Filter>Header-Dateien</Filter>
    </ClInclude>
    <ClInclude Include="..\include\cal3d\coresubmesh.h">
      <Filter>Header-Dateien</Filter>
    </ClInclude>
    <ClInclude Include="..\include\cal3d\coresubmorphtarget.h">
      <Filter>Header-Dateien</Filter>
    </ClInclude>
    <ClInclude Include="..\include\cal3d\coretrack.h">
      <Filter>Header-Dateien</Filter>
    </ClInclude>
    <ClInclude Include="..\include\cal3d\datasource.h">
      <Filter>Header-Dateien</Filter>
    </ClInclude>
    <ClInclude Include="..\include\cal3d\error.h">
      <Filter>Header-Dateien</Filter>
    </ClInclude>
    <ClInclude Include="..\include\cal3d\global.h">
      <Filter>Header-Dateien</Filter>
    </ClInclude>
    <ClInclude Include="..\include\cal3d\hardwaremodel.h">
      <Filter>Header-Dateien</Filter>
    </ClInclude>
    <ClInclude Include="..\include\cal3d\loader.h">
      <Filter>Header-Dateien</Filter>
    </ClInclude>
    <ClInclude Include="..\include\cal3d\matrix.h">
      <Filter>Header-Dateien</Filter>
    </ClInclude>
    <ClInclude Include="..\include\cal3d\mesh.h">
      <Filter>Header-Dateien</Filter>
    </ClInclude>
    <ClInclude Include="..\include\cal3d\mixer.h">
      <Filter>Header-Dateien</Filter>
    </ClInclude>
    <ClInclude Include="..\include\cal3d\model.h">
      <Filter>Header-Dateien</Filter>
    </ClInclude>
    <ClInclude Include="..\include\cal3d\morphtargetmixer.h">
      <Filter>Header-Dateien</Filter>
    </ClInclude>
    <ClInclude Include="..\include\cal3d\physique.h">
      <Filter>Header-Dateien</Filter>
    </ClInclude>
    <ClInclude Include="..\include\cal3d\platform.h">
      <Filter>Header-Dateien</Filter>
    </ClInclude>
    <ClInclude Include="..\include\cal3d\quaternion.h">
      <Filter>Header-Dateien</Filter>
    </ClInclude>
    <ClInclude Include="..\include\cal3d\renderer.h">
      <Filter>Header-Dateien</Filter>
    </ClInclude>
    <ClInclude Include="..\include\cal3d\resource.h">
      <Filter>Header-Dateien</Filter>
    </ClInclude>
    <ClInclude Include="..\include\cal3d\saver.h">
      <Filter>Header-Dateien</Filter>
    </ClInclude>
    <ClInclude Include="..\include\cal3d\skeleton.h">
      <Filter>Header-Dateien</Filter>
    </ClInclude>
    <ClInclude Include="..\include\cal3d\springsystem.h">
      <Filter>Header-Dateien</Filter>
    </ClInclude>
    <ClInclude Include="..\include\cal3d\streamsource.h">
      <Filter>Header-Dateien</Filter>
    </ClInclude>
    <ClInclude Include="..\include\cal3d\submesh.h">
      <Filter>Header-Dateien</Filter>
    </ClInclude>
    <ClInclude Include="..\include\cal3d\tinystr.h">
      <Filter>Header-Dateien</Filter>
    </ClInclude>
    <ClInclude Include="..\include\cal3d\tinyxml.h">
      <Filter>Header-Dateien</Filter>
    </ClInclude>
    <ClInclude Include="..\include\cal3d\vector.h">
      <Filter>Header-Dateien</Filter>
    </ClInclude>
  </ItemGroup>
</Project>