<?xml version="1.0" encoding="utf-8"?>
<Project ToolsVersion="4.0" xmlns="http://schemas.microsoft.com/developer/msbuild/2003">
  <ItemGroup>
    <Filter Include="Source Files">
      <UniqueIdentifier>{4FC737F1-C7A5-4376-A066-2A32D752A2FF}</UniqueIdentifier>
      <Extensions>cpp;c;cxx;def;odl;idl;hpj;bat;asm;asmx</Extensions>
    </Filter>
    <Filter Include="Source Files\Main">
      <UniqueIdentifier>{d52bff19-0598-4b98-82f0-313e805a0248}</UniqueIdentifier>
    </Filter>
    <Filter Include="Source Files\Interface">
      <UniqueIdentifier>{e1615497-d28f-4f23-a7e6-a9b1506f040b}</UniqueIdentifier>
    </Filter>
    <Filter Include="Source Files\Module Loader">
      <UniqueIdentifier>{8c94cb33-310a-445a-96cc-40dbe35cfacb}</UniqueIdentifier>
    </Filter>
    <Filter Include="Header Files">
      <UniqueIdentifier>{93995380-89BD-4b04-88EB-625FBE52EBFB}</UniqueIdentifier>
      <Extensions>h;hpp;hxx;hm;inl;inc;xsd</Extensions>
    </Filter>
    <Filter Include="Header Files\Interface">
      <UniqueIdentifier>{ad04519a-4b56-4cf1-8175-b5285e7beedb}</UniqueIdentifier>
    </Filter>
    <Filter Include="Header Files\game module">
      <UniqueIdentifier>{3d9059db-8294-4309-b8a4-b3385511b9d1}</UniqueIdentifier>
    </Filter>
    <Filter Include="Header Files\UI module">
      <UniqueIdentifier>{3963bd98-4d6f-4ebd-938a-76331c63e496}</UniqueIdentifier>
    </Filter>
    <Filter Include="Resource Files">
      <UniqueIdentifier>{67DA6AB6-F800-4c08-8B7A-83BB121AAD01}</UniqueIdentifier>
      <Extensions>rc;ico;cur;bmp;dlg;rc2;rct;bin;rgs;gif;jpg;jpeg;jpe;resx</Extensions>
    </Filter>
  </ItemGroup>
  <ItemGroup>
    <ClCompile Include="Source\engine_cfg.cpp">
      <Filter>Source Files\Main</Filter>
    </ClCompile>
    <ClCompile Include="Source\engine_commands.cpp">
      <Filter>Source Files\Main</Filter>
    </ClCompile>
    <ClCompile Include="Source\engine_destroy.cpp">
      <Filter>Source Files\Main</Filter>
    </ClCompile>
    <ClCompile Include="Source\engine_init.cpp">
      <Filter>Source Files\Main</Filter>
    </ClCompile>
    <ClCompile Include="Source\engine_input.cpp">
      <Filter>Source Files\Main</Filter>
    </ClCompile>
    <ClCompile Include="Source\engine_loadimg.cpp">
      <Filter>Source Files\Main</Filter>
    </ClCompile>
    <ClCompile Include="Source\engine_main.cpp">
      <Filter>Source Files\Main</Filter>
    </ClCompile>
    <ClCompile Include="Source\engine_module.cpp">
      <Filter>Source Files\Main</Filter>
    </ClCompile>
    <ClCompile Include="Source\engine_render.cpp">
      <Filter>Source Files\Main</Filter>
    </ClCompile>
    <ClCompile Include="Source\engine_sound.cpp">
      <Filter>Source Files\Main</Filter>
    </ClCompile>
    <ClCompile Include="Source\engine_update.cpp">
      <Filter>Source Files\Main</Filter>
    </ClCompile>
    <ClCompile Include="Source\getdxver.cpp">
      <Filter>Source Files\Main</Filter>
    </ClCompile>
    <ClCompile Include="Source\bind.cpp">
      <Filter>Source Files\Interface</Filter>
    </ClCompile>
    <ClCompile Include="Source\command.cpp">
      <Filter>Source Files\Interface</Filter>
    </ClCompile>
    <ClCompile Include="Source\entity.cpp">
      <Filter>Source Files\Interface</Filter>
    </ClCompile>
    <ClCompile Include="Source\entity_bound.cpp">
      <Filter>Source Files\Interface</Filter>
    </ClCompile>
    <ClCompile Include="Source\skybox.cpp">
      <Filter>Source Files\Interface</Filter>
    </ClCompile>
    <ClCompile Include="Source\timer.cpp">
      <Filter>Source Files\Interface</Filter>
    </ClCompile>
    <ClCompile Include="Source\value.cpp">
      <Filter>Source Files\Interface</Filter>
    </ClCompile>
    <ClCompile Include="Source\view.cpp">
      <Filter>Source Files\Interface</Filter>
    </ClCompile>
    <ClCompile Include="Source\world.cpp">
      <Filter>Source Files\Interface</Filter>
    </ClCompile>
    <ClCompile Include="Source\world_collision.cpp">
      <Filter>Source Files\Interface</Filter>
    </ClCompile>
    <ClCompile Include="Source\world_load.cpp">
      <Filter>Source Files\Interface</Filter>
    </ClCompile>
    <ClCompile Include="Source\world_target.cpp">
      <Filter>Source Files\Interface</Filter>
    </ClCompile>
    <ClCompile Include="Source\world_waypoint.cpp">
      <Filter>Source Files\Interface</Filter>
    </ClCompile>
    <ClCompile Include="Source\module_game.cpp">
      <Filter>Source Files\Module Loader</Filter>
    </ClCompile>
  </ItemGroup>
  <ItemGroup>
    <ClInclude Include="..\tools\include\common.h">
      <Filter>Header Files</Filter>
    </ClInclude>
    <ClInclude Include="Source\engine_common.h">
      <Filter>Header Files</Filter>
    </ClInclude>
    <ClInclude Include="Source\engine_local.h">
      <Filter>Header Files</Filter>
    </ClInclude>
    <ClInclude Include="Source\bind.h">
      <Filter>Header Files\Interface</Filter>
    </ClInclude>
    <ClInclude Include="Source\command.h">
      <Filter>Header Files\Interface</Filter>
    </ClInclude>
    <ClInclude Include="Source\entity.h">
      <Filter>Header Files\Interface</Filter>
    </ClInclude>
    <ClInclude Include="Source\skybox.h">
      <Filter>Header Files\Interface</Filter>
    </ClInclude>
    <ClInclude Include="Source\timer.h">
      <Filter>Header Files\Interface</Filter>
    </ClInclude>
    <ClInclude Include="Source\value.h">
      <Filter>Header Files\Interface</Filter>
    </ClInclude>
    <ClInclude Include="Source\view.h">
      <Filter>Header Files\Interface</Filter>
    </ClInclude>
    <ClInclude Include="Source\waypoint.h">
      <Filter>Header Files\Interface</Filter>
    </ClInclude>
    <ClInclude Include="Source\world.h">
      <Filter>Header Files\Interface</Filter>
    </ClInclude>
    <ClInclude Include="Source\Game\game.h">
      <Filter>Header Files\game module</Filter>
    </ClInclude>
    <ClInclude Include="Source\Game\game_share.h">
      <Filter>Header Files\game module</Filter>
    </ClInclude>
    <ClInclude Include="Source\Ui\ui.h">
      <Filter>Header Files\UI module</Filter>
    </ClInclude>
    <ClInclude Include="Source\resource.h">
      <Filter>Resource Files</Filter>
    </ClInclude>
  </ItemGroup>
  <ItemGroup>
    <None Include="Source\icon1.ico">
      <Filter>Resource Files</Filter>
    </None>
  </ItemGroup>
  <ItemGroup>
    <ResourceCompile Include="Source\mahattaresources.rc">
      <Filter>Resource Files</Filter>
    </ResourceCompile>
  </ItemGroup>
</Project>